// !$*UTF8*$!
{
	archiveVersion = 1;
	classes = {
	};
	objectVersion = 46;
	objects = {

/* Begin PBXBuildFile section */
		99BC70331DAB00D9007AA01F /* AppDelegate.swift in Sources */ = {isa = PBXBuildFile; fileRef = 99BC70321DAB00D9007AA01F /* AppDelegate.swift */; };
		99BC70351DAB00D9007AA01F /* ViewController.swift in Sources */ = {isa = PBXBuildFile; fileRef = 99BC70341DAB00D9007AA01F /* ViewController.swift */; };
		99BC70381DAB00D9007AA01F /* Main.storyboard in Resources */ = {isa = PBXBuildFile; fileRef = 99BC70361DAB00D9007AA01F /* Main.storyboard */; };
		99BC703A1DAB00D9007AA01F /* Assets.xcassets in Resources */ = {isa = PBXBuildFile; fileRef = 99BC70391DAB00D9007AA01F /* Assets.xcassets */; };
		99BC703D1DAB00D9007AA01F /* LaunchScreen.storyboard in Resources */ = {isa = PBXBuildFile; fileRef = 99BC703B1DAB00D9007AA01F /* LaunchScreen.storyboard */; };
		99BC70481DAB00D9007AA01F /* Store_InventoryTests.swift in Sources */ = {isa = PBXBuildFile; fileRef = 99BC70471DAB00D9007AA01F /* Store_InventoryTests.swift */; };
		99BC70531DAB00D9007AA01F /* Store_InventoryUITests.swift in Sources */ = {isa = PBXBuildFile; fileRef = 99BC70521DAB00D9007AA01F /* Store_InventoryUITests.swift */; };
		99BC70611DAB0158007AA01F /* libstdc++.tbd in Frameworks */ = {isa = PBXBuildFile; fileRef = 99BC70601DAB0158007AA01F /* libstdc++.tbd */; };
		99BC70671DAB0580007AA01F /* GoogleService-Info.plist in Resources */ = {isa = PBXBuildFile; fileRef = 99BC70661DAB0580007AA01F /* GoogleService-Info.plist */; };
		99BC70681DAB0580007AA01F /* GoogleService-Info.plist in Resources */ = {isa = PBXBuildFile; fileRef = 99BC70661DAB0580007AA01F /* GoogleService-Info.plist */; };
		99BC70691DAB0580007AA01F /* GoogleService-Info.plist in Resources */ = {isa = PBXBuildFile; fileRef = 99BC70661DAB0580007AA01F /* GoogleService-Info.plist */; };
		99F278A01DAB65F600251DB2 /* Product.swift in Sources */ = {isa = PBXBuildFile; fileRef = 99F2789F1DAB65F600251DB2 /* Product.swift */; };
		99F278A21DAB9DD300251DB2 /* ProductTableViewCell.swift in Sources */ = {isa = PBXBuildFile; fileRef = 99F278A11DAB9DD300251DB2 /* ProductTableViewCell.swift */; };
		99F278A41DABA22800251DB2 /* ProductTableViewController.swift in Sources */ = {isa = PBXBuildFile; fileRef = 99F278A31DABA22800251DB2 /* ProductTableViewController.swift */; };
		99F278A61DABDF0300251DB2 /* DetailsViewController.swift in Sources */ = {isa = PBXBuildFile; fileRef = 99F278A51DABDF0300251DB2 /* DetailsViewController.swift */; };
		99FFDA911DAECF7700634ECD /* SettingsViewController.swift in Sources */ = {isa = PBXBuildFile; fileRef = 99FFDA901DAECF7700634ECD /* SettingsViewController.swift */; };
		E6C81C3C457279444509FB5B /* Pods_Store_InventoryUITests.framework in Frameworks */ = {isa = PBXBuildFile; fileRef = 007F7B23005C698B44C43CF8 /* Pods_Store_InventoryUITests.framework */; };
		EFFD408C7BD5CD17BFC8AC99 /* Pods_Store_Inventory.framework in Frameworks */ = {isa = PBXBuildFile; fileRef = EA81C73510F0DA6F585C3BCB /* Pods_Store_Inventory.framework */; };
		F23B9306DCD0FC78DC358AB7 /* Pods_Store_InventoryTests.framework in Frameworks */ = {isa = PBXBuildFile; fileRef = 8E29FF7472A150F634E9ACF7 /* Pods_Store_InventoryTests.framework */; };
/* End PBXBuildFile section */

/* Begin PBXContainerItemProxy section */
		99BC70441DAB00D9007AA01F /* PBXContainerItemProxy */ = {
			isa = PBXContainerItemProxy;
			containerPortal = 99BC70271DAB00D9007AA01F /* Project object */;
			proxyType = 1;
			remoteGlobalIDString = 99BC702E1DAB00D9007AA01F;
			remoteInfo = "Store Inventory";
		};
		99BC704F1DAB00D9007AA01F /* PBXContainerItemProxy */ = {
			isa = PBXContainerItemProxy;
			containerPortal = 99BC70271DAB00D9007AA01F /* Project object */;
			proxyType = 1;
			remoteGlobalIDString = 99BC702E1DAB00D9007AA01F;
			remoteInfo = "Store Inventory";
		};
/* End PBXContainerItemProxy section */

/* Begin PBXFileReference section */
		007F7B23005C698B44C43CF8 /* Pods_Store_InventoryUITests.framework */ = {isa = PBXFileReference; explicitFileType = wrapper.framework; includeInIndex = 0; path = Pods_Store_InventoryUITests.framework; sourceTree = BUILT_PRODUCTS_DIR; };
		21A4E9DEB781650B3C0977AB /* Pods-Store InventoryUITests.release.xcconfig */ = {isa = PBXFileReference; includeInIndex = 1; lastKnownFileType = text.xcconfig; name = "Pods-Store InventoryUITests.release.xcconfig"; path = "Pods/Target Support Files/Pods-Store InventoryUITests/Pods-Store InventoryUITests.release.xcconfig"; sourceTree = "<group>"; };
		427ED8FA0E0661A6E9E7CA48 /* Pods-Store InventoryTests.debug.xcconfig */ = {isa = PBXFileReference; includeInIndex = 1; lastKnownFileType = text.xcconfig; name = "Pods-Store InventoryTests.debug.xcconfig"; path = "Pods/Target Support Files/Pods-Store InventoryTests/Pods-Store InventoryTests.debug.xcconfig"; sourceTree = "<group>"; };
		67D2F75B019E87E8E418907D /* Pods-Store Inventory.debug.xcconfig */ = {isa = PBXFileReference; includeInIndex = 1; lastKnownFileType = text.xcconfig; name = "Pods-Store Inventory.debug.xcconfig"; path = "Pods/Target Support Files/Pods-Store Inventory/Pods-Store Inventory.debug.xcconfig"; sourceTree = "<group>"; };
		86AAE3152C32188759557C85 /* Pods-Store InventoryTests.release.xcconfig */ = {isa = PBXFileReference; includeInIndex = 1; lastKnownFileType = text.xcconfig; name = "Pods-Store InventoryTests.release.xcconfig"; path = "Pods/Target Support Files/Pods-Store InventoryTests/Pods-Store InventoryTests.release.xcconfig"; sourceTree = "<group>"; };
		8E29FF7472A150F634E9ACF7 /* Pods_Store_InventoryTests.framework */ = {isa = PBXFileReference; explicitFileType = wrapper.framework; includeInIndex = 0; path = Pods_Store_InventoryTests.framework; sourceTree = BUILT_PRODUCTS_DIR; };
		99BC702F1DAB00D9007AA01F /* Store Inventory.app */ = {isa = PBXFileReference; explicitFileType = wrapper.application; includeInIndex = 0; path = "Store Inventory.app"; sourceTree = BUILT_PRODUCTS_DIR; };
		99BC70321DAB00D9007AA01F /* AppDelegate.swift */ = {isa = PBXFileReference; lastKnownFileType = sourcecode.swift; path = AppDelegate.swift; sourceTree = "<group>"; };
		99BC70341DAB00D9007AA01F /* ViewController.swift */ = {isa = PBXFileReference; lastKnownFileType = sourcecode.swift; path = ViewController.swift; sourceTree = "<group>"; };
		99BC70371DAB00D9007AA01F /* Base */ = {isa = PBXFileReference; lastKnownFileType = file.storyboard; name = Base; path = Base.lproj/Main.storyboard; sourceTree = "<group>"; };
		99BC70391DAB00D9007AA01F /* Assets.xcassets */ = {isa = PBXFileReference; lastKnownFileType = folder.assetcatalog; path = Assets.xcassets; sourceTree = "<group>"; };
		99BC703C1DAB00D9007AA01F /* Base */ = {isa = PBXFileReference; lastKnownFileType = file.storyboard; name = Base; path = Base.lproj/LaunchScreen.storyboard; sourceTree = "<group>"; };
		99BC703E1DAB00D9007AA01F /* Info.plist */ = {isa = PBXFileReference; lastKnownFileType = text.plist.xml; path = Info.plist; sourceTree = "<group>"; };
		99BC70431DAB00D9007AA01F /* Store InventoryTests.xctest */ = {isa = PBXFileReference; explicitFileType = wrapper.cfbundle; includeInIndex = 0; path = "Store InventoryTests.xctest"; sourceTree = BUILT_PRODUCTS_DIR; };
		99BC70471DAB00D9007AA01F /* Store_InventoryTests.swift */ = {isa = PBXFileReference; lastKnownFileType = sourcecode.swift; path = Store_InventoryTests.swift; sourceTree = "<group>"; };
		99BC70491DAB00D9007AA01F /* Info.plist */ = {isa = PBXFileReference; lastKnownFileType = text.plist.xml; path = Info.plist; sourceTree = "<group>"; };
		99BC704E1DAB00D9007AA01F /* Store InventoryUITests.xctest */ = {isa = PBXFileReference; explicitFileType = wrapper.cfbundle; includeInIndex = 0; path = "Store InventoryUITests.xctest"; sourceTree = BUILT_PRODUCTS_DIR; };
		99BC70521DAB00D9007AA01F /* Store_InventoryUITests.swift */ = {isa = PBXFileReference; lastKnownFileType = sourcecode.swift; path = Store_InventoryUITests.swift; sourceTree = "<group>"; };
		99BC70541DAB00D9007AA01F /* Info.plist */ = {isa = PBXFileReference; lastKnownFileType = text.plist.xml; path = Info.plist; sourceTree = "<group>"; };
		99BC70601DAB0158007AA01F /* libstdc++.tbd */ = {isa = PBXFileReference; lastKnownFileType = "sourcecode.text-based-dylib-definition"; name = "libstdc++.tbd"; path = "usr/lib/libstdc++.tbd"; sourceTree = SDKROOT; };
		99BC70661DAB0580007AA01F /* GoogleService-Info.plist */ = {isa = PBXFileReference; fileEncoding = 4; lastKnownFileType = text.plist.xml; path = "GoogleService-Info.plist"; sourceTree = "<group>"; };
		99F2789F1DAB65F600251DB2 /* Product.swift */ = {isa = PBXFileReference; fileEncoding = 4; lastKnownFileType = sourcecode.swift; path = Product.swift; sourceTree = "<group>"; };
		99F278A11DAB9DD300251DB2 /* ProductTableViewCell.swift */ = {isa = PBXFileReference; fileEncoding = 4; lastKnownFileType = sourcecode.swift; path = ProductTableViewCell.swift; sourceTree = "<group>"; };
		99F278A31DABA22800251DB2 /* ProductTableViewController.swift */ = {isa = PBXFileReference; fileEncoding = 4; lastKnownFileType = sourcecode.swift; path = ProductTableViewController.swift; sourceTree = "<group>"; };
		99F278A51DABDF0300251DB2 /* DetailsViewController.swift */ = {isa = PBXFileReference; fileEncoding = 4; lastKnownFileType = sourcecode.swift; path = DetailsViewController.swift; sourceTree = "<group>"; };
		99FFDA901DAECF7700634ECD /* SettingsViewController.swift */ = {isa = PBXFileReference; fileEncoding = 4; lastKnownFileType = sourcecode.swift; path = SettingsViewController.swift; sourceTree = "<group>"; };
		ADF392300AD617DD84BA0583 /* Pods-Store InventoryUITests.debug.xcconfig */ = {isa = PBXFileReference; includeInIndex = 1; lastKnownFileType = text.xcconfig; name = "Pods-Store InventoryUITests.debug.xcconfig"; path = "Pods/Target Support Files/Pods-Store InventoryUITests/Pods-Store InventoryUITests.debug.xcconfig"; sourceTree = "<group>"; };
		E28778C1525AB24051AF2AEB /* Pods-Store Inventory.release.xcconfig */ = {isa = PBXFileReference; includeInIndex = 1; lastKnownFileType = text.xcconfig; name = "Pods-Store Inventory.release.xcconfig"; path = "Pods/Target Support Files/Pods-Store Inventory/Pods-Store Inventory.release.xcconfig"; sourceTree = "<group>"; };
		EA81C73510F0DA6F585C3BCB /* Pods_Store_Inventory.framework */ = {isa = PBXFileReference; explicitFileType = wrapper.framework; includeInIndex = 0; path = Pods_Store_Inventory.framework; sourceTree = BUILT_PRODUCTS_DIR; };
/* End PBXFileReference section */

/* Begin PBXFrameworksBuildPhase section */
		99BC702C1DAB00D9007AA01F /* Frameworks */ = {
			isa = PBXFrameworksBuildPhase;
			buildActionMask = 2147483647;
			files = (
				99BC70611DAB0158007AA01F /* libstdc++.tbd in Frameworks */,
				EFFD408C7BD5CD17BFC8AC99 /* Pods_Store_Inventory.framework in Frameworks */,
			);
			runOnlyForDeploymentPostprocessing = 0;
		};
		99BC70401DAB00D9007AA01F /* Frameworks */ = {
			isa = PBXFrameworksBuildPhase;
			buildActionMask = 2147483647;
			files = (
				F23B9306DCD0FC78DC358AB7 /* Pods_Store_InventoryTests.framework in Frameworks */,
			);
			runOnlyForDeploymentPostprocessing = 0;
		};
		99BC704B1DAB00D9007AA01F /* Frameworks */ = {
			isa = PBXFrameworksBuildPhase;
			buildActionMask = 2147483647;
			files = (
				E6C81C3C457279444509FB5B /* Pods_Store_InventoryUITests.framework in Frameworks */,
			);
			runOnlyForDeploymentPostprocessing = 0;
		};
/* End PBXFrameworksBuildPhase section */

/* Begin PBXGroup section */
		651C623EED836B3557F87BF4 /* Pods */ = {
			isa = PBXGroup;
			children = (
				67D2F75B019E87E8E418907D /* Pods-Store Inventory.debug.xcconfig */,
				E28778C1525AB24051AF2AEB /* Pods-Store Inventory.release.xcconfig */,
				427ED8FA0E0661A6E9E7CA48 /* Pods-Store InventoryTests.debug.xcconfig */,
				86AAE3152C32188759557C85 /* Pods-Store InventoryTests.release.xcconfig */,
				ADF392300AD617DD84BA0583 /* Pods-Store InventoryUITests.debug.xcconfig */,
				21A4E9DEB781650B3C0977AB /* Pods-Store InventoryUITests.release.xcconfig */,
			);
			name = Pods;
			sourceTree = "<group>";
		};
		72B99E8F35D97281D71D4E4A /* Frameworks */ = {
			isa = PBXGroup;
			children = (
				EA81C73510F0DA6F585C3BCB /* Pods_Store_Inventory.framework */,
				8E29FF7472A150F634E9ACF7 /* Pods_Store_InventoryTests.framework */,
				007F7B23005C698B44C43CF8 /* Pods_Store_InventoryUITests.framework */,
			);
			name = Frameworks;
			sourceTree = "<group>";
		};
		99BC70261DAB00D9007AA01F = {
			isa = PBXGroup;
			children = (
				99BC70601DAB0158007AA01F /* libstdc++.tbd */,
				99BC70311DAB00D9007AA01F /* Store Inventory */,
				99BC70461DAB00D9007AA01F /* Store InventoryTests */,
				99BC70511DAB00D9007AA01F /* Store InventoryUITests */,
				99BC70301DAB00D9007AA01F /* Products */,
				99BC70661DAB0580007AA01F /* GoogleService-Info.plist */,
				651C623EED836B3557F87BF4 /* Pods */,
				72B99E8F35D97281D71D4E4A /* Frameworks */,
			);
			sourceTree = "<group>";
		};
		99BC70301DAB00D9007AA01F /* Products */ = {
			isa = PBXGroup;
			children = (
				99BC702F1DAB00D9007AA01F /* Store Inventory.app */,
				99BC70431DAB00D9007AA01F /* Store InventoryTests.xctest */,
				99BC704E1DAB00D9007AA01F /* Store InventoryUITests.xctest */,
			);
			name = Products;
			sourceTree = "<group>";
		};
		99BC70311DAB00D9007AA01F /* Store Inventory */ = {
			isa = PBXGroup;
			children = (
				99BC70361DAB00D9007AA01F /* Main.storyboard */,
				99F2789F1DAB65F600251DB2 /* Product.swift */,
				99FFDA901DAECF7700634ECD /* SettingsViewController.swift */,
				99FFDA8F1DAECDC500634ECD /* Customer Views */,
				99BC70391DAB00D9007AA01F /* Assets.xcassets */,
				99BC70321DAB00D9007AA01F /* AppDelegate.swift */,
				99BC70341DAB00D9007AA01F /* ViewController.swift */,
				99BC703B1DAB00D9007AA01F /* LaunchScreen.storyboard */,
				99BC703E1DAB00D9007AA01F /* Info.plist */,
			);
			path = "Store Inventory";
			sourceTree = "<group>";
		};
		99BC70461DAB00D9007AA01F /* Store InventoryTests */ = {
			isa = PBXGroup;
			children = (
				99BC70471DAB00D9007AA01F /* Store_InventoryTests.swift */,
				99BC70491DAB00D9007AA01F /* Info.plist */,
			);
			path = "Store InventoryTests";
			sourceTree = "<group>";
		};
		99BC70511DAB00D9007AA01F /* Store InventoryUITests */ = {
			isa = PBXGroup;
			children = (
				99BC70521DAB00D9007AA01F /* Store_InventoryUITests.swift */,
				99BC70541DAB00D9007AA01F /* Info.plist */,
			);
			path = "Store InventoryUITests";
			sourceTree = "<group>";
		};
		99FFDA8F1DAECDC500634ECD /* Customer Views */ = {
			isa = PBXGroup;
			children = (
				99F278A51DABDF0300251DB2 /* DetailsViewController.swift */,
				99F278A31DABA22800251DB2 /* ProductTableViewController.swift */,
				99F278A11DAB9DD300251DB2 /* ProductTableViewCell.swift */,
			);
			name = "Customer Views";
			sourceTree = "<group>";
		};
/* End PBXGroup section */

/* Begin PBXNativeTarget section */
		99BC702E1DAB00D9007AA01F /* Store Inventory */ = {
			isa = PBXNativeTarget;
			buildConfigurationList = 99BC70571DAB00D9007AA01F /* Build configuration list for PBXNativeTarget "Store Inventory" */;
			buildPhases = (
				676C5370CBE2220E1B2151DE /* [CP] Check Pods Manifest.lock */,
				99BC702B1DAB00D9007AA01F /* Sources */,
				99BC702C1DAB00D9007AA01F /* Frameworks */,
				99BC702D1DAB00D9007AA01F /* Resources */,
				DC5FF29240FEEB7621783E38 /* [CP] Embed Pods Frameworks */,
				3B98897D3437E12FC4546E96 /* [CP] Copy Pods Resources */,
			);
			buildRules = (
			);
			dependencies = (
			);
			name = "Store Inventory";
			productName = "Store Inventory";
			productReference = 99BC702F1DAB00D9007AA01F /* Store Inventory.app */;
			productType = "com.apple.product-type.application";
		};
		99BC70421DAB00D9007AA01F /* Store InventoryTests */ = {
			isa = PBXNativeTarget;
			buildConfigurationList = 99BC705A1DAB00D9007AA01F /* Build configuration list for PBXNativeTarget "Store InventoryTests" */;
			buildPhases = (
				6B52A61DD83E0D9261547957 /* [CP] Check Pods Manifest.lock */,
				99BC703F1DAB00D9007AA01F /* Sources */,
				99BC70401DAB00D9007AA01F /* Frameworks */,
				99BC70411DAB00D9007AA01F /* Resources */,
				2546DDA7A4732DE9B71A8043 /* [CP] Embed Pods Frameworks */,
				3FD53CE4E34D157325413817 /* [CP] Copy Pods Resources */,
			);
			buildRules = (
			);
			dependencies = (
				99BC70451DAB00D9007AA01F /* PBXTargetDependency */,
			);
			name = "Store InventoryTests";
			productName = "Store InventoryTests";
			productReference = 99BC70431DAB00D9007AA01F /* Store InventoryTests.xctest */;
			productType = "com.apple.product-type.bundle.unit-test";
		};
		99BC704D1DAB00D9007AA01F /* Store InventoryUITests */ = {
			isa = PBXNativeTarget;
			buildConfigurationList = 99BC705D1DAB00D9007AA01F /* Build configuration list for PBXNativeTarget "Store InventoryUITests" */;
			buildPhases = (
				D56D6AEBAB07DEE1416556F5 /* [CP] Check Pods Manifest.lock */,
				99BC704A1DAB00D9007AA01F /* Sources */,
				99BC704B1DAB00D9007AA01F /* Frameworks */,
				99BC704C1DAB00D9007AA01F /* Resources */,
				2F4C9BE05690957E2106BD95 /* [CP] Embed Pods Frameworks */,
				3139B5787D2A6EA0591F017C /* [CP] Copy Pods Resources */,
			);
			buildRules = (
			);
			dependencies = (
				99BC70501DAB00D9007AA01F /* PBXTargetDependency */,
			);
			name = "Store InventoryUITests";
			productName = "Store InventoryUITests";
			productReference = 99BC704E1DAB00D9007AA01F /* Store InventoryUITests.xctest */;
			productType = "com.apple.product-type.bundle.ui-testing";
		};
/* End PBXNativeTarget section */

/* Begin PBXProject section */
		99BC70271DAB00D9007AA01F /* Project object */ = {
			isa = PBXProject;
			attributes = {
				LastSwiftUpdateCheck = 0730;
				LastUpgradeCheck = 0730;
				ORGANIZATIONNAME = "Andrea Savage";
				TargetAttributes = {
					99BC702E1DAB00D9007AA01F = {
						CreatedOnToolsVersion = 7.3.1;
						DevelopmentTeam = C82GUZRCUC;
					};
					99BC70421DAB00D9007AA01F = {
						CreatedOnToolsVersion = 7.3.1;
						TestTargetID = 99BC702E1DAB00D9007AA01F;
					};
					99BC704D1DAB00D9007AA01F = {
						CreatedOnToolsVersion = 7.3.1;
						TestTargetID = 99BC702E1DAB00D9007AA01F;
					};
				};
			};
			buildConfigurationList = 99BC702A1DAB00D9007AA01F /* Build configuration list for PBXProject "Store Inventory" */;
			compatibilityVersion = "Xcode 3.2";
			developmentRegion = English;
			hasScannedForEncodings = 0;
			knownRegions = (
				en,
				Base,
			);
			mainGroup = 99BC70261DAB00D9007AA01F;
			productRefGroup = 99BC70301DAB00D9007AA01F /* Products */;
			projectDirPath = "";
			projectRoot = "";
			targets = (
				99BC702E1DAB00D9007AA01F /* Store Inventory */,
				99BC70421DAB00D9007AA01F /* Store InventoryTests */,
				99BC704D1DAB00D9007AA01F /* Store InventoryUITests */,
			);
		};
/* End PBXProject section */

/* Begin PBXResourcesBuildPhase section */
		99BC702D1DAB00D9007AA01F /* Resources */ = {
			isa = PBXResourcesBuildPhase;
			buildActionMask = 2147483647;
			files = (
				99BC703D1DAB00D9007AA01F /* LaunchScreen.storyboard in Resources */,
				99BC70671DAB0580007AA01F /* GoogleService-Info.plist in Resources */,
				99BC703A1DAB00D9007AA01F /* Assets.xcassets in Resources */,
				99BC70381DAB00D9007AA01F /* Main.storyboard in Resources */,
			);
			runOnlyForDeploymentPostprocessing = 0;
		};
		99BC70411DAB00D9007AA01F /* Resources */ = {
			isa = PBXResourcesBuildPhase;
			buildActionMask = 2147483647;
			files = (
				99BC70681DAB0580007AA01F /* GoogleService-Info.plist in Resources */,
			);
			runOnlyForDeploymentPostprocessing = 0;
		};
		99BC704C1DAB00D9007AA01F /* Resources */ = {
			isa = PBXResourcesBuildPhase;
			buildActionMask = 2147483647;
			files = (
				99BC70691DAB0580007AA01F /* GoogleService-Info.plist in Resources */,
			);
			runOnlyForDeploymentPostprocessing = 0;
		};
/* End PBXResourcesBuildPhase section */

/* Begin PBXShellScriptBuildPhase section */
		2546DDA7A4732DE9B71A8043 /* [CP] Embed Pods Frameworks */ = {
			isa = PBXShellScriptBuildPhase;
			buildActionMask = 2147483647;
			files = (
			);
			inputPaths = (
			);
			name = "[CP] Embed Pods Frameworks";
			outputPaths = (
			);
			runOnlyForDeploymentPostprocessing = 0;
			shellPath = /bin/sh;
			shellScript = "\"${SRCROOT}/Pods/Target Support Files/Pods-Store InventoryTests/Pods-Store InventoryTests-frameworks.sh\"\n";
			showEnvVarsInLog = 0;
		};
		2F4C9BE05690957E2106BD95 /* [CP] Embed Pods Frameworks */ = {
			isa = PBXShellScriptBuildPhase;
			buildActionMask = 2147483647;
			files = (
			);
			inputPaths = (
			);
			name = "[CP] Embed Pods Frameworks";
			outputPaths = (
			);
			runOnlyForDeploymentPostprocessing = 0;
			shellPath = /bin/sh;
			shellScript = "\"${SRCROOT}/Pods/Target Support Files/Pods-Store InventoryUITests/Pods-Store InventoryUITests-frameworks.sh\"\n";
			showEnvVarsInLog = 0;
		};
		3139B5787D2A6EA0591F017C /* [CP] Copy Pods Resources */ = {
			isa = PBXShellScriptBuildPhase;
			buildActionMask = 2147483647;
			files = (
			);
			inputPaths = (
			);
			name = "[CP] Copy Pods Resources";
			outputPaths = (
			);
			runOnlyForDeploymentPostprocessing = 0;
			shellPath = /bin/sh;
			shellScript = "\"${SRCROOT}/Pods/Target Support Files/Pods-Store InventoryUITests/Pods-Store InventoryUITests-resources.sh\"\n";
			showEnvVarsInLog = 0;
		};
		3B98897D3437E12FC4546E96 /* [CP] Copy Pods Resources */ = {
			isa = PBXShellScriptBuildPhase;
			buildActionMask = 2147483647;
			files = (
			);
			inputPaths = (
			);
			name = "[CP] Copy Pods Resources";
			outputPaths = (
			);
			runOnlyForDeploymentPostprocessing = 0;
			shellPath = /bin/sh;
			shellScript = "\"${SRCROOT}/Pods/Target Support Files/Pods-Store Inventory/Pods-Store Inventory-resources.sh\"\n";
			showEnvVarsInLog = 0;
		};
		3FD53CE4E34D157325413817 /* [CP] Copy Pods Resources */ = {
			isa = PBXShellScriptBuildPhase;
			buildActionMask = 2147483647;
			files = (
			);
			inputPaths = (
			);
			name = "[CP] Copy Pods Resources";
			outputPaths = (
			);
			runOnlyForDeploymentPostprocessing = 0;
			shellPath = /bin/sh;
			shellScript = "\"${SRCROOT}/Pods/Target Support Files/Pods-Store InventoryTests/Pods-Store InventoryTests-resources.sh\"\n";
			showEnvVarsInLog = 0;
		};
		676C5370CBE2220E1B2151DE /* [CP] Check Pods Manifest.lock */ = {
			isa = PBXShellScriptBuildPhase;
			buildActionMask = 2147483647;
			files = (
			);
			inputPaths = (
			);
			name = "[CP] Check Pods Manifest.lock";
			outputPaths = (
			);
			runOnlyForDeploymentPostprocessing = 0;
			shellPath = /bin/sh;
			shellScript = "diff \"${PODS_ROOT}/../Podfile.lock\" \"${PODS_ROOT}/Manifest.lock\" > /dev/null\nif [ $? != 0 ] ; then\n    # print error to STDERR\n    echo \"error: The sandbox is not in sync with the Podfile.lock. Run 'pod install' or update your CocoaPods installation.\" >&2\n    exit 1\nfi\n";
			showEnvVarsInLog = 0;
		};
		6B52A61DD83E0D9261547957 /* [CP] Check Pods Manifest.lock */ = {
			isa = PBXShellScriptBuildPhase;
			buildActionMask = 2147483647;
			files = (
			);
			inputPaths = (
			);
			name = "[CP] Check Pods Manifest.lock";
			outputPaths = (
			);
			runOnlyForDeploymentPostprocessing = 0;
			shellPath = /bin/sh;
			shellScript = "diff \"${PODS_ROOT}/../Podfile.lock\" \"${PODS_ROOT}/Manifest.lock\" > /dev/null\nif [ $? != 0 ] ; then\n    # print error to STDERR\n    echo \"error: The sandbox is not in sync with the Podfile.lock. Run 'pod install' or update your CocoaPods installation.\" >&2\n    exit 1\nfi\n";
			showEnvVarsInLog = 0;
		};
		D56D6AEBAB07DEE1416556F5 /* [CP] Check Pods Manifest.lock */ = {
			isa = PBXShellScriptBuildPhase;
			buildActionMask = 2147483647;
			files = (
			);
			inputPaths = (
			);
			name = "[CP] Check Pods Manifest.lock";
			outputPaths = (
			);
			runOnlyForDeploymentPostprocessing = 0;
			shellPath = /bin/sh;
			shellScript = "diff \"${PODS_ROOT}/../Podfile.lock\" \"${PODS_ROOT}/Manifest.lock\" > /dev/null\nif [ $? != 0 ] ; then\n    # print error to STDERR\n    echo \"error: The sandbox is not in sync with the Podfile.lock. Run 'pod install' or update your CocoaPods installation.\" >&2\n    exit 1\nfi\n";
			showEnvVarsInLog = 0;
		};
		DC5FF29240FEEB7621783E38 /* [CP] Embed Pods Frameworks */ = {
			isa = PBXShellScriptBuildPhase;
			buildActionMask = 2147483647;
			files = (
			);
			inputPaths = (
			);
			name = "[CP] Embed Pods Frameworks";
			outputPaths = (
			);
			runOnlyForDeploymentPostprocessing = 0;
			shellPath = /bin/sh;
			shellScript = "\"${SRCROOT}/Pods/Target Support Files/Pods-Store Inventory/Pods-Store Inventory-frameworks.sh\"\n";
			showEnvVarsInLog = 0;
		};
/* End PBXShellScriptBuildPhase section */

/* Begin PBXSourcesBuildPhase section */
		99BC702B1DAB00D9007AA01F /* Sources */ = {
			isa = PBXSourcesBuildPhase;
			buildActionMask = 2147483647;
			files = (
				99BC70351DAB00D9007AA01F /* ViewController.swift in Sources */,
				99F278A21DAB9DD300251DB2 /* ProductTableViewCell.swift in Sources */,
				99FFDA911DAECF7700634ECD /* SettingsViewController.swift in Sources */,
				99F278A01DAB65F600251DB2 /* Product.swift in Sources */,
				99BC70331DAB00D9007AA01F /* AppDelegate.swift in Sources */,
				99F278A41DABA22800251DB2 /* ProductTableViewController.swift in Sources */,
				99F278A61DABDF0300251DB2 /* DetailsViewController.swift in Sources */,
			);
			runOnlyForDeploymentPostprocessing = 0;
		};
		99BC703F1DAB00D9007AA01F /* Sources */ = {
			isa = PBXSourcesBuildPhase;
			buildActionMask = 2147483647;
			files = (
				99BC70481DAB00D9007AA01F /* Store_InventoryTests.swift in Sources */,
			);
			runOnlyForDeploymentPostprocessing = 0;
		};
		99BC704A1DAB00D9007AA01F /* Sources */ = {
			isa = PBXSourcesBuildPhase;
			buildActionMask = 2147483647;
			files = (
				99BC70531DAB00D9007AA01F /* Store_InventoryUITests.swift in Sources */,
			);
			runOnlyForDeploymentPostprocessing = 0;
		};
/* End PBXSourcesBuildPhase section */

/* Begin PBXTargetDependency section */
		99BC70451DAB00D9007AA01F /* PBXTargetDependency */ = {
			isa = PBXTargetDependency;
			target = 99BC702E1DAB00D9007AA01F /* Store Inventory */;
			targetProxy = 99BC70441DAB00D9007AA01F /* PBXContainerItemProxy */;
		};
		99BC70501DAB00D9007AA01F /* PBXTargetDependency */ = {
			isa = PBXTargetDependency;
			target = 99BC702E1DAB00D9007AA01F /* Store Inventory */;
			targetProxy = 99BC704F1DAB00D9007AA01F /* PBXContainerItemProxy */;
		};
/* End PBXTargetDependency section */

/* Begin PBXVariantGroup section */
		99BC70361DAB00D9007AA01F /* Main.storyboard */ = {
			isa = PBXVariantGroup;
			children = (
				99BC70371DAB00D9007AA01F /* Base */,
			);
			name = Main.storyboard;
			sourceTree = "<group>";
		};
		99BC703B1DAB00D9007AA01F /* LaunchScreen.storyboard */ = {
			isa = PBXVariantGroup;
			children = (
				99BC703C1DAB00D9007AA01F /* Base */,
			);
			name = LaunchScreen.storyboard;
			sourceTree = "<group>";
		};
/* End PBXVariantGroup section */

/* Begin XCBuildConfiguration section */
		99BC70551DAB00D9007AA01F /* Debug */ = {
			isa = XCBuildConfiguration;
			buildSettings = {
				ALWAYS_SEARCH_USER_PATHS = NO;
				CLANG_ANALYZER_NONNULL = YES;
				CLANG_CXX_LANGUAGE_STANDARD = "gnu++0x";
				CLANG_CXX_LIBRARY = "libc++";
				CLANG_ENABLE_MODULES = YES;
				CLANG_ENABLE_OBJC_ARC = YES;
				CLANG_WARN_BOOL_CONVERSION = YES;
				CLANG_WARN_CONSTANT_CONVERSION = YES;
				CLANG_WARN_DIRECT_OBJC_ISA_USAGE = YES_ERROR;
				CLANG_WARN_EMPTY_BODY = YES;
				CLANG_WARN_ENUM_CONVERSION = YES;
				CLANG_WARN_INT_CONVERSION = YES;
				CLANG_WARN_OBJC_ROOT_CLASS = YES_ERROR;
				CLANG_WARN_UNREACHABLE_CODE = YES;
				CLANG_WARN__DUPLICATE_METHOD_MATCH = YES;
				"CODE_SIGN_IDENTITY[sdk=iphoneos*]" = "iPhone Developer";
				COPY_PHASE_STRIP = NO;
				DEBUG_INFORMATION_FORMAT = dwarf;
				ENABLE_STRICT_OBJC_MSGSEND = YES;
				ENABLE_TESTABILITY = YES;
				GCC_C_LANGUAGE_STANDARD = gnu99;
				GCC_DYNAMIC_NO_PIC = NO;
				GCC_NO_COMMON_BLOCKS = YES;
				GCC_OPTIMIZATION_LEVEL = 0;
				GCC_PREPROCESSOR_DEFINITIONS = (
					"DEBUG=1",
					"$(inherited)",
				);
				GCC_WARN_64_TO_32_BIT_CONVERSION = YES;
				GCC_WARN_ABOUT_RETURN_TYPE = YES_ERROR;
				GCC_WARN_UNDECLARED_SELECTOR = YES;
				GCC_WARN_UNINITIALIZED_AUTOS = YES_AGGRESSIVE;
				GCC_WARN_UNUSED_FUNCTION = YES;
				GCC_WARN_UNUSED_VARIABLE = YES;
				IPHONEOS_DEPLOYMENT_TARGET = 9.3;
				MTL_ENABLE_DEBUG_INFO = YES;
				ONLY_ACTIVE_ARCH = YES;
				SDKROOT = iphoneos;
				SWIFT_OPTIMIZATION_LEVEL = "-Onone";
				TARGETED_DEVICE_FAMILY = "1,2";
			};
			name = Debug;
		};
		99BC70561DAB00D9007AA01F /* Release */ = {
			isa = XCBuildConfiguration;
			buildSettings = {
				ALWAYS_SEARCH_USER_PATHS = NO;
				CLANG_ANALYZER_NONNULL = YES;
				CLANG_CXX_LANGUAGE_STANDARD = "gnu++0x";
				CLANG_CXX_LIBRARY = "libc++";
				CLANG_ENABLE_MODULES = YES;
				CLANG_ENABLE_OBJC_ARC = YES;
				CLANG_WARN_BOOL_CONVERSION = YES;
				CLANG_WARN_CONSTANT_CONVERSION = YES;
				CLANG_WARN_DIRECT_OBJC_ISA_USAGE = YES_ERROR;
				CLANG_WARN_EMPTY_BODY = YES;
				CLANG_WARN_ENUM_CONVERSION = YES;
				CLANG_WARN_INT_CONVERSION = YES;
				CLANG_WARN_OBJC_ROOT_CLASS = YES_ERROR;
				CLANG_WARN_UNREACHABLE_CODE = YES;
				CLANG_WARN__DUPLICATE_METHOD_MATCH = YES;
				"CODE_SIGN_IDENTITY[sdk=iphoneos*]" = "iPhone Developer";
				COPY_PHASE_STRIP = NO;
				DEBUG_INFORMATION_FORMAT = "dwarf-with-dsym";
				ENABLE_NS_ASSERTIONS = NO;
				ENABLE_STRICT_OBJC_MSGSEND = YES;
				GCC_C_LANGUAGE_STANDARD = gnu99;
				GCC_NO_COMMON_BLOCKS = YES;
				GCC_WARN_64_TO_32_BIT_CONVERSION = YES;
				GCC_WARN_ABOUT_RETURN_TYPE = YES_ERROR;
				GCC_WARN_UNDECLARED_SELECTOR = YES;
				GCC_WARN_UNINITIALIZED_AUTOS = YES_AGGRESSIVE;
				GCC_WARN_UNUSED_FUNCTION = YES;
				GCC_WARN_UNUSED_VARIABLE = YES;
				IPHONEOS_DEPLOYMENT_TARGET = 9.3;
				MTL_ENABLE_DEBUG_INFO = NO;
				SDKROOT = iphoneos;
				TARGETED_DEVICE_FAMILY = "1,2";
				VALIDATE_PRODUCT = YES;
			};
			name = Release;
		};
		99BC70581DAB00D9007AA01F /* Debug */ = {
			isa = XCBuildConfiguration;
			baseConfigurationReference = 67D2F75B019E87E8E418907D /* Pods-Store Inventory.debug.xcconfig */;
			buildSettings = {
				ASSETCATALOG_COMPILER_APPICON_NAME = AppIcon;
				ASSETCATALOG_COMPILER_LAUNCHIMAGE_NAME = LaunchImage;
				CODE_SIGN_IDENTITY = "iPhone Developer";
				"CODE_SIGN_IDENTITY[sdk=iphoneos*]" = "iPhone Developer";
				INFOPLIST_FILE = "Store Inventory/Info.plist";
				IPHONEOS_DEPLOYMENT_TARGET = 7.1;
				LD_RUNPATH_SEARCH_PATHS = "$(inherited) @executable_path/Frameworks";
				PRODUCT_BUNDLE_IDENTIFIER = "edu.calpoly.ajsavage.Store-Inventory";
				PRODUCT_NAME = "$(TARGET_NAME)";
				PROVISIONING_PROFILE = "";
				TARGETED_DEVICE_FAMILY = "1,2";
			};
			name = Debug;
		};
		99BC70591DAB00D9007AA01F /* Release */ = {
			isa = XCBuildConfiguration;
			baseConfigurationReference = E28778C1525AB24051AF2AEB /* Pods-Store Inventory.release.xcconfig */;
			buildSettings = {
				ASSETCATALOG_COMPILER_APPICON_NAME = AppIcon;
				ASSETCATALOG_COMPILER_LAUNCHIMAGE_NAME = LaunchImage;
				CODE_SIGN_IDENTITY = "iPhone Developer";
				"CODE_SIGN_IDENTITY[sdk=iphoneos*]" = "iPhone Developer";
				INFOPLIST_FILE = "Store Inventory/Info.plist";
				IPHONEOS_DEPLOYMENT_TARGET = 7.1;
				LD_RUNPATH_SEARCH_PATHS = "$(inherited) @executable_path/Frameworks";
				PRODUCT_BUNDLE_IDENTIFIER = "edu.calpoly.ajsavage.Store-Inventory";
				PRODUCT_NAME = "$(TARGET_NAME)";
				PROVISIONING_PROFILE = "";
				TARGETED_DEVICE_FAMILY = "1,2";
			};
			name = Release;
		};
		99BC705B1DAB00D9007AA01F /* Debug */ = {
			isa = XCBuildConfiguration;
			baseConfigurationReference = 427ED8FA0E0661A6E9E7CA48 /* Pods-Store InventoryTests.debug.xcconfig */;
			buildSettings = {
				BUNDLE_LOADER = "$(TEST_HOST)";
				INFOPLIST_FILE = "Store InventoryTests/Info.plist";
				LD_RUNPATH_SEARCH_PATHS = "$(inherited) @executable_path/Frameworks @loader_path/Frameworks";
				PRODUCT_BUNDLE_IDENTIFIER = "edu.calpoly.ajsavage.Store-InventoryTests";
				PRODUCT_NAME = "$(TARGET_NAME)";
				TEST_HOST = "$(BUILT_PRODUCTS_DIR)/Store Inventory.app/Store Inventory";
			};
			name = Debug;
		};
		99BC705C1DAB00D9007AA01F /* Release */ = {
			isa = XCBuildConfiguration;
			baseConfigurationReference = 86AAE3152C32188759557C85 /* Pods-Store InventoryTests.release.xcconfig */;
			buildSettings = {
				BUNDLE_LOADER = "$(TEST_HOST)";
				INFOPLIST_FILE = "Store InventoryTests/Info.plist";
				LD_RUNPATH_SEARCH_PATHS = "$(inherited) @executable_path/Frameworks @loader_path/Frameworks";
				PRODUCT_BUNDLE_IDENTIFIER = "edu.calpoly.ajsavage.Store-InventoryTests";
				PRODUCT_NAME = "$(TARGET_NAME)";
				TEST_HOST = "$(BUILT_PRODUCTS_DIR)/Store Inventory.app/Store Inventory";
			};
			name = Release;
		};
		99BC705E1DAB00D9007AA01F /* Debug */ = {
			isa = XCBuildConfiguration;
			baseConfigurationReference = ADF392300AD617DD84BA0583 /* Pods-Store InventoryUITests.debug.xcconfig */;
			buildSettings = {
				INFOPLIST_FILE = "Store InventoryUITests/Info.plist";
				LD_RUNPATH_SEARCH_PATHS = "$(inherited) @executable_path/Frameworks @loader_path/Frameworks";
				PRODUCT_BUNDLE_IDENTIFIER = "edu.calpoly.ajsavage.Store-InventoryUITests";
				PRODUCT_NAME = "$(TARGET_NAME)";
				TEST_TARGET_NAME = "Store Inventory";
			};
			name = Debug;
		};
		99BC705F1DAB00D9007AA01F /* Release */ = {
			isa = XCBuildConfiguration;
			baseConfigurationReference = 21A4E9DEB781650B3C0977AB /* Pods-Store InventoryUITests.release.xcconfig */;
			buildSettings = {
				INFOPLIST_FILE = "Store InventoryUITests/Info.plist";
				LD_RUNPATH_SEARCH_PATHS = "$(inherited) @executable_path/Frameworks @loader_path/Frameworks";
				PRODUCT_BUNDLE_IDENTIFIER = "edu.calpoly.ajsavage.Store-InventoryUITests";
				PRODUCT_NAME = "$(TARGET_NAME)";
				TEST_TARGET_NAME = "Store Inventory";
			};
			name = Release;
		};
/* End XCBuildConfiguration section */

/* Begin XCConfigurationList section */
		99BC702A1DAB00D9007AA01F /* Build configuration list for PBXProject "Store Inventory" */ = {
			isa = XCConfigurationList;
			buildConfigurations = (
				99BC70551DAB00D9007AA01F /* Debug */,
				99BC70561DAB00D9007AA01F /* Release */,
			);
			defaultConfigurationIsVisible = 0;
			defaultConfigurationName = Release;
		};
		99BC70571DAB00D9007AA01F /* Build configuration list for PBXNativeTarget "Store Inventory" */ = {
			isa = XCConfigurationList;
			buildConfigurations = (
				99BC70581DAB00D9007AA01F /* Debug */,
				99BC70591DAB00D9007AA01F /* Release */,
			);
			defaultConfigurationIsVisible = 0;
			defaultConfigurationName = Release;
		};
		99BC705A1DAB00D9007AA01F /* Build configuration list for PBXNativeTarget "Store InventoryTests" */ = {
			isa = XCConfigurationList;
			buildConfigurations = (
				99BC705B1DAB00D9007AA01F /* Debug */,
				99BC705C1DAB00D9007AA01F /* Release */,
			);
			defaultConfigurationIsVisible = 0;
			defaultConfigurationName = Release;
		};
		99BC705D1DAB00D9007AA01F /* Build configuration list for PBXNativeTarget "Store InventoryUITests" */ = {
			isa = XCConfigurationList;
			buildConfigurations = (
				99BC705E1DAB00D9007AA01F /* Debug */,
				99BC705F1DAB00D9007AA01F /* Release */,
			);
			defaultConfigurationIsVisible = 0;
			defaultConfigurationName = Release;
		};
/* End XCConfigurationList section */
	};
	rootObject = 99BC70271DAB00D9007AA01F /* Project object */;
}
